// !$*UTF8*$!
{
	archiveVersion = 1;
	classes = {
	};
	objectVersion = 48;
	objects = {

/* Begin PBXBuildFile section */
		EE06E443208CA6F500CE9A3C /* City.swift in Sources */ = {isa = PBXBuildFile; fileRef = EE06E442208CA6F500CE9A3C /* City.swift */; };
		EE06E445208CA78300CE9A3C /* WeatherData.swift in Sources */ = {isa = PBXBuildFile; fileRef = EE06E444208CA78300CE9A3C /* WeatherData.swift */; };
		EE06E447208CC42C00CE9A3C /* OpenWeatherMapProvider.swift in Sources */ = {isa = PBXBuildFile; fileRef = EE06E446208CC42C00CE9A3C /* OpenWeatherMapProvider.swift */; };
		EE89781A2086441B0015654C /* AppDelegate.swift in Sources */ = {isa = PBXBuildFile; fileRef = EE8978192086441B0015654C /* AppDelegate.swift */; };
		EE89781C2086441B0015654C /* CitiesViewController.swift in Sources */ = {isa = PBXBuildFile; fileRef = EE89781B2086441B0015654C /* CitiesViewController.swift */; };
		EE89781F2086441B0015654C /* Main.storyboard in Resources */ = {isa = PBXBuildFile; fileRef = EE89781D2086441B0015654C /* Main.storyboard */; };
		EE8978212086441B0015654C /* Assets.xcassets in Resources */ = {isa = PBXBuildFile; fileRef = EE8978202086441B0015654C /* Assets.xcassets */; };
		EE8978242086441B0015654C /* LaunchScreen.storyboard in Resources */ = {isa = PBXBuildFile; fileRef = EE8978222086441B0015654C /* LaunchScreen.storyboard */; };
		EE89782F2086441B0015654C /* WeatherTests.swift in Sources */ = {isa = PBXBuildFile; fileRef = EE89782E2086441B0015654C /* WeatherTests.swift */; };
		EE89783A2086441B0015654C /* WeatherUITests.swift in Sources */ = {isa = PBXBuildFile; fileRef = EE8978392086441B0015654C /* WeatherUITests.swift */; };
		EE9039962096097D00DB54DC /* CitiesProviderMock.swift in Sources */ = {isa = PBXBuildFile; fileRef = EE9039952096097D00DB54DC /* CitiesProviderMock.swift */; };
		EE90399820960A5800DB54DC /* cities.txt in Resources */ = {isa = PBXBuildFile; fileRef = EE90399720960A5800DB54DC /* cities.txt */; };
		EEB7991920920EBB001B4A38 /* DataProvidersFactory.swift in Sources */ = {isa = PBXBuildFile; fileRef = EEB7991820920EBB001B4A38 /* DataProvidersFactory.swift */; };
		EEB7991B20921443001B4A38 /* UIColorExtension.swift in Sources */ = {isa = PBXBuildFile; fileRef = EEB7991A20921443001B4A38 /* UIColorExtension.swift */; };
		EEB7991D209214D1001B4A38 /* DegreesMetricSystem.swift in Sources */ = {isa = PBXBuildFile; fileRef = EEB7991C209214D1001B4A38 /* DegreesMetricSystem.swift */; };
		EEB7991F20921617001B4A38 /* CitiesFileDataProvider.swift in Sources */ = {isa = PBXBuildFile; fileRef = EEB7991E20921617001B4A38 /* CitiesFileDataProvider.swift */; };
		EEB7992620922127001B4A38 /* WeatherService.swift in Sources */ = {isa = PBXBuildFile; fileRef = EEB7992520922127001B4A38 /* WeatherService.swift */; };
		EEB7992820923111001B4A38 /* Utils.swift in Sources */ = {isa = PBXBuildFile; fileRef = EEB7992720923111001B4A38 /* Utils.swift */; };
		EEB7992A20960536001B4A38 /* DataProviderMock.swift in Sources */ = {isa = PBXBuildFile; fileRef = EEB7992920960536001B4A38 /* DataProviderMock.swift */; };
		EEC4F108208F4AEB0010E9B5 /* WeatherDataViewController.swift in Sources */ = {isa = PBXBuildFile; fileRef = EEC4F107208F4AEB0010E9B5 /* WeatherDataViewController.swift */; };
		EEC7840920960F320011FC8C /* cities_mock.txt in Resources */ = {isa = PBXBuildFile; fileRef = EEC7840720960F320011FC8C /* cities_mock.txt */; };
		EEC7840A20960F320011FC8C /* cities_empty.txt in Resources */ = {isa = PBXBuildFile; fileRef = EEC7840820960F320011FC8C /* cities_empty.txt */; };
/* End PBXBuildFile section */

/* Begin PBXContainerItemProxy section */
		EE89782B2086441B0015654C /* PBXContainerItemProxy */ = {
			isa = PBXContainerItemProxy;
			containerPortal = EE89780E2086441B0015654C /* Project object */;
			proxyType = 1;
			remoteGlobalIDString = EE8978152086441B0015654C;
			remoteInfo = Weather;
		};
		EE8978362086441B0015654C /* PBXContainerItemProxy */ = {
			isa = PBXContainerItemProxy;
			containerPortal = EE89780E2086441B0015654C /* Project object */;
			proxyType = 1;
			remoteGlobalIDString = EE8978152086441B0015654C;
			remoteInfo = Weather;
		};
/* End PBXContainerItemProxy section */

/* Begin PBXFileReference section */
		EE06E442208CA6F500CE9A3C /* City.swift */ = {isa = PBXFileReference; lastKnownFileType = sourcecode.swift; path = City.swift; sourceTree = "<group>"; };
		EE06E444208CA78300CE9A3C /* WeatherData.swift */ = {isa = PBXFileReference; lastKnownFileType = sourcecode.swift; path = WeatherData.swift; sourceTree = "<group>"; };
		EE06E446208CC42C00CE9A3C /* OpenWeatherMapProvider.swift */ = {isa = PBXFileReference; lastKnownFileType = sourcecode.swift; path = OpenWeatherMapProvider.swift; sourceTree = "<group>"; };
		EE8978162086441B0015654C /* Weather.app */ = {isa = PBXFileReference; explicitFileType = wrapper.application; includeInIndex = 0; path = Weather.app; sourceTree = BUILT_PRODUCTS_DIR; };
		EE8978192086441B0015654C /* AppDelegate.swift */ = {isa = PBXFileReference; lastKnownFileType = sourcecode.swift; path = AppDelegate.swift; sourceTree = "<group>"; };
		EE89781B2086441B0015654C /* CitiesViewController.swift */ = {isa = PBXFileReference; lastKnownFileType = sourcecode.swift; path = CitiesViewController.swift; sourceTree = "<group>"; };
		EE89781E2086441B0015654C /* Base */ = {isa = PBXFileReference; lastKnownFileType = file.storyboard; name = Base; path = Base.lproj/Main.storyboard; sourceTree = "<group>"; };
		EE8978202086441B0015654C /* Assets.xcassets */ = {isa = PBXFileReference; lastKnownFileType = folder.assetcatalog; path = Assets.xcassets; sourceTree = "<group>"; };
		EE8978232086441B0015654C /* Base */ = {isa = PBXFileReference; lastKnownFileType = file.storyboard; name = Base; path = Base.lproj/LaunchScreen.storyboard; sourceTree = "<group>"; };
		EE8978252086441B0015654C /* Info.plist */ = {isa = PBXFileReference; lastKnownFileType = text.plist.xml; path = Info.plist; sourceTree = "<group>"; };
		EE89782A2086441B0015654C /* WeatherTests.xctest */ = {isa = PBXFileReference; explicitFileType = wrapper.cfbundle; includeInIndex = 0; path = WeatherTests.xctest; sourceTree = BUILT_PRODUCTS_DIR; };
		EE89782E2086441B0015654C /* WeatherTests.swift */ = {isa = PBXFileReference; lastKnownFileType = sourcecode.swift; path = WeatherTests.swift; sourceTree = "<group>"; };
		EE8978302086441B0015654C /* Info.plist */ = {isa = PBXFileReference; lastKnownFileType = text.plist.xml; path = Info.plist; sourceTree = "<group>"; };
		EE8978352086441B0015654C /* WeatherUITests.xctest */ = {isa = PBXFileReference; explicitFileType = wrapper.cfbundle; includeInIndex = 0; path = WeatherUITests.xctest; sourceTree = BUILT_PRODUCTS_DIR; };
		EE8978392086441B0015654C /* WeatherUITests.swift */ = {isa = PBXFileReference; lastKnownFileType = sourcecode.swift; path = WeatherUITests.swift; sourceTree = "<group>"; };
		EE89783B2086441B0015654C /* Info.plist */ = {isa = PBXFileReference; lastKnownFileType = text.plist.xml; path = Info.plist; sourceTree = "<group>"; };
		EE9039952096097D00DB54DC /* CitiesProviderMock.swift */ = {isa = PBXFileReference; lastKnownFileType = sourcecode.swift; path = CitiesProviderMock.swift; sourceTree = "<group>"; };
		EE90399720960A5800DB54DC /* cities.txt */ = {isa = PBXFileReference; fileEncoding = 4; lastKnownFileType = text; path = cities.txt; sourceTree = "<group>"; };
		EEB7991820920EBB001B4A38 /* DataProvidersFactory.swift */ = {isa = PBXFileReference; lastKnownFileType = sourcecode.swift; path = DataProvidersFactory.swift; sourceTree = "<group>"; };
		EEB7991A20921443001B4A38 /* UIColorExtension.swift */ = {isa = PBXFileReference; lastKnownFileType = sourcecode.swift; path = UIColorExtension.swift; sourceTree = "<group>"; };
		EEB7991C209214D1001B4A38 /* DegreesMetricSystem.swift */ = {isa = PBXFileReference; lastKnownFileType = sourcecode.swift; path = DegreesMetricSystem.swift; sourceTree = "<group>"; };
		EEB7991E20921617001B4A38 /* CitiesFileDataProvider.swift */ = {isa = PBXFileReference; lastKnownFileType = sourcecode.swift; path = CitiesFileDataProvider.swift; sourceTree = "<group>"; };
		EEB7992520922127001B4A38 /* WeatherService.swift */ = {isa = PBXFileReference; lastKnownFileType = sourcecode.swift; path = WeatherService.swift; sourceTree = "<group>"; };
		EEB7992720923111001B4A38 /* Utils.swift */ = {isa = PBXFileReference; lastKnownFileType = sourcecode.swift; path = Utils.swift; sourceTree = "<group>"; };
		EEB7992920960536001B4A38 /* DataProviderMock.swift */ = {isa = PBXFileReference; lastKnownFileType = sourcecode.swift; path = DataProviderMock.swift; sourceTree = "<group>"; };
		EEC4F107208F4AEB0010E9B5 /* WeatherDataViewController.swift */ = {isa = PBXFileReference; lastKnownFileType = sourcecode.swift; path = WeatherDataViewController.swift; sourceTree = "<group>"; };
		EEC7840720960F320011FC8C /* cities_mock.txt */ = {isa = PBXFileReference; fileEncoding = 4; lastKnownFileType = text; path = cities_mock.txt; sourceTree = "<group>"; };
		EEC7840820960F320011FC8C /* cities_empty.txt */ = {isa = PBXFileReference; fileEncoding = 4; lastKnownFileType = text; path = cities_empty.txt; sourceTree = "<group>"; };
/* End PBXFileReference section */

/* Begin PBXFrameworksBuildPhase section */
		EE8978132086441B0015654C /* Frameworks */ = {
			isa = PBXFrameworksBuildPhase;
			buildActionMask = 2147483647;
			files = (
			);
			runOnlyForDeploymentPostprocessing = 0;
		};
		EE8978272086441B0015654C /* Frameworks */ = {
			isa = PBXFrameworksBuildPhase;
			buildActionMask = 2147483647;
			files = (
			);
			runOnlyForDeploymentPostprocessing = 0;
		};
		EE8978322086441B0015654C /* Frameworks */ = {
			isa = PBXFrameworksBuildPhase;
			buildActionMask = 2147483647;
			files = (
			);
			runOnlyForDeploymentPostprocessing = 0;
		};
/* End PBXFrameworksBuildPhase section */

/* Begin PBXGroup section */
		EE06E441208CA6DE00CE9A3C /* Data Models */ = {
			isa = PBXGroup;
			children = (
				EE06E442208CA6F500CE9A3C /* City.swift */,
				EE06E444208CA78300CE9A3C /* WeatherData.swift */,
				EEB7991C209214D1001B4A38 /* DegreesMetricSystem.swift */,
			);
			path = "Data Models";
			sourceTree = "<group>";
		};
		EE89780D2086441B0015654C = {
			isa = PBXGroup;
			children = (
				EE8978182086441B0015654C /* Weather */,
				EE89782D2086441B0015654C /* WeatherTests */,
				EE8978382086441B0015654C /* WeatherUITests */,
				EE8978172086441B0015654C /* Products */,
			);
			sourceTree = "<group>";
		};
		EE8978172086441B0015654C /* Products */ = {
			isa = PBXGroup;
			children = (
				EE8978162086441B0015654C /* Weather.app */,
				EE89782A2086441B0015654C /* WeatherTests.xctest */,
				EE8978352086441B0015654C /* WeatherUITests.xctest */,
			);
			name = Products;
			sourceTree = "<group>";
		};
		EE8978182086441B0015654C /* Weather */ = {
			isa = PBXGroup;
			children = (
				EE06E441208CA6DE00CE9A3C /* Data Models */,
				EEB7992120921794001B4A38 /* DataProviders */,
				EEB79922209217A6001B4A38 /* Common */,
				EEB799202092177E001B4A38 /* ViewControllers */,
				EEB7992520922127001B4A38 /* WeatherService.swift */,
				EE89781D2086441B0015654C /* Main.storyboard */,
				EE8978202086441B0015654C /* Assets.xcassets */,
				EE8978192086441B0015654C /* AppDelegate.swift */,
				EE8978222086441B0015654C /* LaunchScreen.storyboard */,
				EE8978252086441B0015654C /* Info.plist */,
				EE90399720960A5800DB54DC /* cities.txt */,
			);
			path = Weather;
			sourceTree = "<group>";
		};
		EE89782D2086441B0015654C /* WeatherTests */ = {
			isa = PBXGroup;
			children = (
				EE89782E2086441B0015654C /* WeatherTests.swift */,
				EE8978302086441B0015654C /* Info.plist */,
				EEB7992920960536001B4A38 /* DataProviderMock.swift */,
				EE9039952096097D00DB54DC /* CitiesProviderMock.swift */,
				EEC7840820960F320011FC8C /* cities_empty.txt */,
				EEC7840720960F320011FC8C /* cities_mock.txt */,
			);
			path = WeatherTests;
			sourceTree = "<group>";
		};
		EE8978382086441B0015654C /* WeatherUITests */ = {
			isa = PBXGroup;
			children = (
				EE8978392086441B0015654C /* WeatherUITests.swift */,
				EE89783B2086441B0015654C /* Info.plist */,
			);
			path = WeatherUITests;
			sourceTree = "<group>";
		};
		EEB799202092177E001B4A38 /* ViewControllers */ = {
			isa = PBXGroup;
			children = (
				EE89781B2086441B0015654C /* CitiesViewController.swift */,
				EEC4F107208F4AEB0010E9B5 /* WeatherDataViewController.swift */,
			);
			path = ViewControllers;
			sourceTree = "<group>";
		};
		EEB7992120921794001B4A38 /* DataProviders */ = {
			isa = PBXGroup;
			children = (
				EEB7991820920EBB001B4A38 /* DataProvidersFactory.swift */,
				EE06E446208CC42C00CE9A3C /* OpenWeatherMapProvider.swift */,
				EEB7991E20921617001B4A38 /* CitiesFileDataProvider.swift */,
			);
			path = DataProviders;
			sourceTree = "<group>";
		};
		EEB79922209217A6001B4A38 /* Common */ = {
			isa = PBXGroup;
			children = (
				EEB7991A20921443001B4A38 /* UIColorExtension.swift */,
				EEB7992720923111001B4A38 /* Utils.swift */,
			);
			path = Common;
			sourceTree = "<group>";
		};
/* End PBXGroup section */

/* Begin PBXNativeTarget section */
		EE8978152086441B0015654C /* Weather */ = {
			isa = PBXNativeTarget;
			buildConfigurationList = EE89783E2086441B0015654C /* Build configuration list for PBXNativeTarget "Weather" */;
			buildPhases = (
				EE8978122086441B0015654C /* Sources */,
				EE8978132086441B0015654C /* Frameworks */,
				EE8978142086441B0015654C /* Resources */,
			);
			buildRules = (
			);
			dependencies = (
			);
			name = Weather;
			productName = Weather;
			productReference = EE8978162086441B0015654C /* Weather.app */;
			productType = "com.apple.product-type.application";
		};
		EE8978292086441B0015654C /* WeatherTests */ = {
			isa = PBXNativeTarget;
			buildConfigurationList = EE8978412086441B0015654C /* Build configuration list for PBXNativeTarget "WeatherTests" */;
			buildPhases = (
				EE8978262086441B0015654C /* Sources */,
				EE8978272086441B0015654C /* Frameworks */,
				EE8978282086441B0015654C /* Resources */,
			);
			buildRules = (
			);
			dependencies = (
				EE89782C2086441B0015654C /* PBXTargetDependency */,
			);
			name = WeatherTests;
			productName = WeatherTests;
			productReference = EE89782A2086441B0015654C /* WeatherTests.xctest */;
			productType = "com.apple.product-type.bundle.unit-test";
		};
		EE8978342086441B0015654C /* WeatherUITests */ = {
			isa = PBXNativeTarget;
			buildConfigurationList = EE8978442086441B0015654C /* Build configuration list for PBXNativeTarget "WeatherUITests" */;
			buildPhases = (
				EE8978312086441B0015654C /* Sources */,
				EE8978322086441B0015654C /* Frameworks */,
				EE8978332086441B0015654C /* Resources */,
			);
			buildRules = (
			);
			dependencies = (
				EE8978372086441B0015654C /* PBXTargetDependency */,
			);
			name = WeatherUITests;
			productName = WeatherUITests;
			productReference = EE8978352086441B0015654C /* WeatherUITests.xctest */;
			productType = "com.apple.product-type.bundle.ui-testing";
		};
/* End PBXNativeTarget section */

/* Begin PBXProject section */
		EE89780E2086441B0015654C /* Project object */ = {
			isa = PBXProject;
			attributes = {
				LastSwiftUpdateCheck = 0920;
				LastUpgradeCheck = 0920;
				ORGANIZATIONNAME = test;
				TargetAttributes = {
					EE8978152086441B0015654C = {
						CreatedOnToolsVersion = 9.2;
						ProvisioningStyle = Automatic;
					};
					EE8978292086441B0015654C = {
						CreatedOnToolsVersion = 9.2;
						ProvisioningStyle = Automatic;
						TestTargetID = EE8978152086441B0015654C;
					};
					EE8978342086441B0015654C = {
						CreatedOnToolsVersion = 9.2;
						ProvisioningStyle = Automatic;
						TestTargetID = EE8978152086441B0015654C;
					};
				};
			};
			buildConfigurationList = EE8978112086441B0015654C /* Build configuration list for PBXProject "Weather" */;
			compatibilityVersion = "Xcode 8.0";
			developmentRegion = en;
			hasScannedForEncodings = 0;
			knownRegions = (
				en,
				Base,
			);
			mainGroup = EE89780D2086441B0015654C;
			productRefGroup = EE8978172086441B0015654C /* Products */;
			projectDirPath = "";
			projectRoot = "";
			targets = (
				EE8978152086441B0015654C /* Weather */,
				EE8978292086441B0015654C /* WeatherTests */,
				EE8978342086441B0015654C /* WeatherUITests */,
			);
		};
/* End PBXProject section */

/* Begin PBXResourcesBuildPhase section */
		EE8978142086441B0015654C /* Resources */ = {
			isa = PBXResourcesBuildPhase;
			buildActionMask = 2147483647;
			files = (
				EE8978242086441B0015654C /* LaunchScreen.storyboard in Resources */,
				EE90399820960A5800DB54DC /* cities.txt in Resources */,
				EE8978212086441B0015654C /* Assets.xcassets in Resources */,
				EE89781F2086441B0015654C /* Main.storyboard in Resources */,
			);
			runOnlyForDeploymentPostprocessing = 0;
		};
		EE8978282086441B0015654C /* Resources */ = {
			isa = PBXResourcesBuildPhase;
			buildActionMask = 2147483647;
			files = (
				EEC7840920960F320011FC8C /* cities_mock.txt in Resources */,
				EEC7840A20960F320011FC8C /* cities_empty.txt in Resources */,
			);
			runOnlyForDeploymentPostprocessing = 0;
		};
		EE8978332086441B0015654C /* Resources */ = {
			isa = PBXResourcesBuildPhase;
			buildActionMask = 2147483647;
			files = (
			);
			runOnlyForDeploymentPostprocessing = 0;
		};
/* End PBXResourcesBuildPhase section */

/* Begin PBXSourcesBuildPhase section */
		EE8978122086441B0015654C /* Sources */ = {
			isa = PBXSourcesBuildPhase;
			buildActionMask = 2147483647;
			files = (
				EE89781C2086441B0015654C /* CitiesViewController.swift in Sources */,
				EEB7991F20921617001B4A38 /* CitiesFileDataProvider.swift in Sources */,
				EEB7992620922127001B4A38 /* WeatherService.swift in Sources */,
				EE89781A2086441B0015654C /* AppDelegate.swift in Sources */,
				EEB7991D209214D1001B4A38 /* DegreesMetricSystem.swift in Sources */,
				EE06E445208CA78300CE9A3C /* WeatherData.swift in Sources */,
				EEB7991B20921443001B4A38 /* UIColorExtension.swift in Sources */,
				EE06E443208CA6F500CE9A3C /* City.swift in Sources */,
				EE06E447208CC42C00CE9A3C /* OpenWeatherMapProvider.swift in Sources */,
				EEB7991920920EBB001B4A38 /* DataProvidersFactory.swift in Sources */,
				EEC4F108208F4AEB0010E9B5 /* WeatherDataViewController.swift in Sources */,
				EEB7992820923111001B4A38 /* Utils.swift in Sources */,
			);
			runOnlyForDeploymentPostprocessing = 0;
		};
		EE8978262086441B0015654C /* Sources */ = {
			isa = PBXSourcesBuildPhase;
			buildActionMask = 2147483647;
			files = (
				EEB7992A20960536001B4A38 /* DataProviderMock.swift in Sources */,
				EE89782F2086441B0015654C /* WeatherTests.swift in Sources */,
				EE9039962096097D00DB54DC /* CitiesProviderMock.swift in Sources */,
			);
			runOnlyForDeploymentPostprocessing = 0;
		};
		EE8978312086441B0015654C /* Sources */ = {
			isa = PBXSourcesBuildPhase;
			buildActionMask = 2147483647;
			files = (
				EE89783A2086441B0015654C /* WeatherUITests.swift in Sources */,
			);
			runOnlyForDeploymentPostprocessing = 0;
		};
/* End PBXSourcesBuildPhase section */

/* Begin PBXTargetDependency section */
		EE89782C2086441B0015654C /* PBXTargetDependency */ = {
			isa = PBXTargetDependency;
			target = EE8978152086441B0015654C /* Weather */;
			targetProxy = EE89782B2086441B0015654C /* PBXContainerItemProxy */;
		};
		EE8978372086441B0015654C /* PBXTargetDependency */ = {
			isa = PBXTargetDependency;
			target = EE8978152086441B0015654C /* Weather */;
			targetProxy = EE8978362086441B0015654C /* PBXContainerItemProxy */;
		};
/* End PBXTargetDependency section */

/* Begin PBXVariantGroup section */
		EE89781D2086441B0015654C /* Main.storyboard */ = {
			isa = PBXVariantGroup;
			children = (
				EE89781E2086441B0015654C /* Base */,
			);
			name = Main.storyboard;
			sourceTree = "<group>";
		};
		EE8978222086441B0015654C /* LaunchScreen.storyboard */ = {
			isa = PBXVariantGroup;
			children = (
				EE8978232086441B0015654C /* Base */,
			);
			name = LaunchScreen.storyboard;
			sourceTree = "<group>";
		};
/* End PBXVariantGroup section */

/* Begin XCBuildConfiguration section */
		EE89783C2086441B0015654C /* Debug */ = {
			isa = XCBuildConfiguration;
			buildSettings = {
				ALWAYS_SEARCH_USER_PATHS = NO;
				CLANG_ANALYZER_NONNULL = YES;
				CLANG_ANALYZER_NUMBER_OBJECT_CONVERSION = YES_AGGRESSIVE;
				CLANG_CXX_LANGUAGE_STANDARD = "gnu++14";
				CLANG_CXX_LIBRARY = "libc++";
				CLANG_ENABLE_MODULES = YES;
				CLANG_ENABLE_OBJC_ARC = YES;
				CLANG_WARN_BLOCK_CAPTURE_AUTORELEASING = YES;
				CLANG_WARN_BOOL_CONVERSION = YES;
				CLANG_WARN_COMMA = YES;
				CLANG_WARN_CONSTANT_CONVERSION = YES;
				CLANG_WARN_DIRECT_OBJC_ISA_USAGE = YES_ERROR;
				CLANG_WARN_DOCUMENTATION_COMMENTS = YES;
				CLANG_WARN_EMPTY_BODY = YES;
				CLANG_WARN_ENUM_CONVERSION = YES;
				CLANG_WARN_INFINITE_RECURSION = YES;
				CLANG_WARN_INT_CONVERSION = YES;
				CLANG_WARN_NON_LITERAL_NULL_CONVERSION = YES;
				CLANG_WARN_OBJC_LITERAL_CONVERSION = YES;
				CLANG_WARN_OBJC_ROOT_CLASS = YES_ERROR;
				CLANG_WARN_RANGE_LOOP_ANALYSIS = YES;
				CLANG_WARN_STRICT_PROTOTYPES = YES;
				CLANG_WARN_SUSPICIOUS_MOVE = YES;
				CLANG_WARN_UNGUARDED_AVAILABILITY = YES_AGGRESSIVE;
				CLANG_WARN_UNREACHABLE_CODE = YES;
				CLANG_WARN__DUPLICATE_METHOD_MATCH = YES;
				CODE_SIGN_IDENTITY = "iPhone Developer";
				COPY_PHASE_STRIP = NO;
				DEBUG_INFORMATION_FORMAT = dwarf;
				ENABLE_STRICT_OBJC_MSGSEND = YES;
				ENABLE_TESTABILITY = YES;
				GCC_C_LANGUAGE_STANDARD = gnu11;
				GCC_DYNAMIC_NO_PIC = NO;
				GCC_NO_COMMON_BLOCKS = YES;
				GCC_OPTIMIZATION_LEVEL = 0;
				GCC_PREPROCESSOR_DEFINITIONS = (
					"DEBUG=1",
					"$(inherited)",
				);
				GCC_WARN_64_TO_32_BIT_CONVERSION = YES;
				GCC_WARN_ABOUT_RETURN_TYPE = YES_ERROR;
				GCC_WARN_UNDECLARED_SELECTOR = YES;
				GCC_WARN_UNINITIALIZED_AUTOS = YES_AGGRESSIVE;
				GCC_WARN_UNUSED_FUNCTION = YES;
				GCC_WARN_UNUSED_VARIABLE = YES;
				IPHONEOS_DEPLOYMENT_TARGET = 11.2;
				MTL_ENABLE_DEBUG_INFO = YES;
				ONLY_ACTIVE_ARCH = YES;
				SDKROOT = iphoneos;
				SWIFT_ACTIVE_COMPILATION_CONDITIONS = DEBUG;
				SWIFT_OPTIMIZATION_LEVEL = "-Onone";
			};
			name = Debug;
		};
		EE89783D2086441B0015654C /* Release */ = {
			isa = XCBuildConfiguration;
			buildSettings = {
				ALWAYS_SEARCH_USER_PATHS = NO;
				CLANG_ANALYZER_NONNULL = YES;
				CLANG_ANALYZER_NUMBER_OBJECT_CONVERSION = YES_AGGRESSIVE;
				CLANG_CXX_LANGUAGE_STANDARD = "gnu++14";
				CLANG_CXX_LIBRARY = "libc++";
				CLANG_ENABLE_MODULES = YES;
				CLANG_ENABLE_OBJC_ARC = YES;
				CLANG_WARN_BLOCK_CAPTURE_AUTORELEASING = YES;
				CLANG_WARN_BOOL_CONVERSION = YES;
				CLANG_WARN_COMMA = YES;
				CLANG_WARN_CONSTANT_CONVERSION = YES;
				CLANG_WARN_DIRECT_OBJC_ISA_USAGE = YES_ERROR;
				CLANG_WARN_DOCUMENTATION_COMMENTS = YES;
				CLANG_WARN_EMPTY_BODY = YES;
				CLANG_WARN_ENUM_CONVERSION = YES;
				CLANG_WARN_INFINITE_RECURSION = YES;
				CLANG_WARN_INT_CONVERSION = YES;
				CLANG_WARN_NON_LITERAL_NULL_CONVERSION = YES;
				CLANG_WARN_OBJC_LITERAL_CONVERSION = YES;
				CLANG_WARN_OBJC_ROOT_CLASS = YES_ERROR;
				CLANG_WARN_RANGE_LOOP_ANALYSIS = YES;
				CLANG_WARN_STRICT_PROTOTYPES = YES;
				CLANG_WARN_SUSPICIOUS_MOVE = YES;
				CLANG_WARN_UNGUARDED_AVAILABILITY = YES_AGGRESSIVE;
				CLANG_WARN_UNREACHABLE_CODE = YES;
				CLANG_WARN__DUPLICATE_METHOD_MATCH = YES;
				CODE_SIGN_IDENTITY = "iPhone Developer";
				COPY_PHASE_STRIP = NO;
				DEBUG_INFORMATION_FORMAT = "dwarf-with-dsym";
				ENABLE_NS_ASSERTIONS = NO;
				ENABLE_STRICT_OBJC_MSGSEND = YES;
				GCC_C_LANGUAGE_STANDARD = gnu11;
				GCC_NO_COMMON_BLOCKS = YES;
				GCC_WARN_64_TO_32_BIT_CONVERSION = YES;
				GCC_WARN_ABOUT_RETURN_TYPE = YES_ERROR;
				GCC_WARN_UNDECLARED_SELECTOR = YES;
				GCC_WARN_UNINITIALIZED_AUTOS = YES_AGGRESSIVE;
				GCC_WARN_UNUSED_FUNCTION = YES;
				GCC_WARN_UNUSED_VARIABLE = YES;
				IPHONEOS_DEPLOYMENT_TARGET = 11.2;
				MTL_ENABLE_DEBUG_INFO = NO;
				SDKROOT = iphoneos;
				SWIFT_OPTIMIZATION_LEVEL = "-Owholemodule";
				VALIDATE_PRODUCT = YES;
			};
			name = Release;
		};
		EE89783F2086441B0015654C /* Debug */ = {
			isa = XCBuildConfiguration;
			buildSettings = {
				ASSETCATALOG_COMPILER_APPICON_NAME = AppIcon;
				CODE_SIGN_STYLE = Automatic;
				INFOPLIST_FILE = Weather/Info.plist;
				LD_RUNPATH_SEARCH_PATHS = "$(inherited) @executable_path/Frameworks";
				PRODUCT_BUNDLE_IDENTIFIER = test.com.Weather;
				PRODUCT_NAME = "$(TARGET_NAME)";
				SWIFT_VERSION = 4.0;
				TARGETED_DEVICE_FAMILY = "1,2";
			};
			name = Debug;
		};
		EE8978402086441B0015654C /* Release */ = {
			isa = XCBuildConfiguration;
			buildSettings = {
				ASSETCATALOG_COMPILER_APPICON_NAME = AppIcon;
				CODE_SIGN_STYLE = Automatic;
				INFOPLIST_FILE = Weather/Info.plist;
				LD_RUNPATH_SEARCH_PATHS = "$(inherited) @executable_path/Frameworks";
				PRODUCT_BUNDLE_IDENTIFIER = test.com.Weather;
				PRODUCT_NAME = "$(TARGET_NAME)";
				SWIFT_VERSION = 4.0;
				TARGETED_DEVICE_FAMILY = "1,2";
			};
			name = Release;
		};
		EE8978422086441B0015654C /* Debug */ = {
			isa = XCBuildConfiguration;
			buildSettings = {
				ALWAYS_EMBED_SWIFT_STANDARD_LIBRARIES = YES;
				BUNDLE_LOADER = "$(TEST_HOST)";
				CODE_SIGN_STYLE = Automatic;
				INFOPLIST_FILE = WeatherTests/Info.plist;
				LD_RUNPATH_SEARCH_PATHS = "$(inherited) @executable_path/Frameworks @loader_path/Frameworks";
				PRODUCT_BUNDLE_IDENTIFIER = test.com.WeatherTests;
				PRODUCT_NAME = "$(TARGET_NAME)";
				SWIFT_VERSION = 4.0;
				TARGETED_DEVICE_FAMILY = "1,2";
				TEST_HOST = "$(BUILT_PRODUCTS_DIR)/Weather.app/Weather";
			};
			name = Debug;
		};
		EE8978432086441B0015654C /* Release */ = {
			isa = XCBuildConfiguration;
			buildSettings = {
				ALWAYS_EMBED_SWIFT_STANDARD_LIBRARIES = YES;
				BUNDLE_LOADER = "$(TEST_HOST)";
				CODE_SIGN_STYLE = Automatic;
				INFOPLIST_FILE = WeatherTests/Info.plist;
				LD_RUNPATH_SEARCH_PATHS = "$(inherited) @executable_path/Frameworks @loader_path/Frameworks";
				PRODUCT_BUNDLE_IDENTIFIER = test.com.WeatherTests;
				PRODUCT_NAME = "$(TARGET_NAME)";
				SWIFT_VERSION = 4.0;
				TARGETED_DEVICE_FAMILY = "1,2";
				TEST_HOST = "$(BUILT_PRODUCTS_DIR)/Weather.app/Weather";
			};
			name = Release;
		};
		EE8978452086441B0015654C /* Debug */ = {
			isa = XCBuildConfiguration;
			buildSettings = {
				ALWAYS_EMBED_SWIFT_STANDARD_LIBRARIES = YES;
				CODE_SIGN_STYLE = Automatic;
				INFOPLIST_FILE = WeatherUITests/Info.plist;
				LD_RUNPATH_SEARCH_PATHS = "$(inherited) @executable_path/Frameworks @loader_path/Frameworks";
				PRODUCT_BUNDLE_IDENTIFIER = test.com.WeatherUITests;
				PRODUCT_NAME = "$(TARGET_NAME)";
				SWIFT_VERSION = 4.0;
				TARGETED_DEVICE_FAMILY = "1,2";
				TEST_TARGET_NAME = Weather;
			};
			name = Debug;
		};
		EE8978462086441B0015654C /* Release */ = {
			isa = XCBuildConfiguration;
			buildSettings = {
				ALWAYS_EMBED_SWIFT_STANDARD_LIBRARIES = YES;
				CODE_SIGN_STYLE = Automatic;
				INFOPLIST_FILE = WeatherUITests/Info.plist;
				LD_RUNPATH_SEARCH_PATHS = "$(inherited) @executable_path/Frameworks @loader_path/Frameworks";
				PRODUCT_BUNDLE_IDENTIFIER = test.com.WeatherUITests;
				PRODUCT_NAME = "$(TARGET_NAME)";
				SWIFT_VERSION = 4.0;
				TARGETED_DEVICE_FAMILY = "1,2";
				TEST_TARGET_NAME = Weather;
			};
			name = Release;
		};
/* End XCBuildConfiguration section */

/* Begin XCConfigurationList section */
		EE8978112086441B0015654C /* Build configuration list for PBXProject "Weather" */ = {
			isa = XCConfigurationList;
			buildConfigurations = (
				EE89783C2086441B0015654C /* Debug */,
				EE89783D2086441B0015654C /* Release */,
			);
			defaultConfigurationIsVisible = 0;
			defaultConfigurationName = Release;
		};
		EE89783E2086441B0015654C /* Build configuration list for PBXNativeTarget "Weather" */ = {
			isa = XCConfigurationList;
			buildConfigurations = (
				EE89783F2086441B0015654C /* Debug */,
				EE8978402086441B0015654C /* Release */,
			);
			defaultConfigurationIsVisible = 0;
			defaultConfigurationName = Release;
		};
		EE8978412086441B0015654C /* Build configuration list for PBXNativeTarget "WeatherTests" */ = {
			isa = XCConfigurationList;
			buildConfigurations = (
				EE8978422086441B0015654C /* Debug */,
				EE8978432086441B0015654C /* Release */,
			);
			defaultConfigurationIsVisible = 0;
			defaultConfigurationName = Release;
		};
		EE8978442086441B0015654C /* Build configuration list for PBXNativeTarget "WeatherUITests" */ = {
			isa = XCConfigurationList;
			buildConfigurations = (
				EE8978452086441B0015654C /* Debug */,
				EE8978462086441B0015654C /* Release */,
			);
			defaultConfigurationIsVisible = 0;
			defaultConfigurationName = Release;
		};
/* End XCConfigurationList section */
	};
	rootObject = EE89780E2086441B0015654C /* Project object */;
}
